// !$*UTF8*$!
{
	archiveVersion = 1;
	classes = {
	};
	objectVersion = 46;
	objects = {

/* Begin PBXBuildFile section */
		087811881F20F50B00636829 /* Agility-icon.png in Resources */ = {isa = PBXBuildFile; fileRef = 087811711F20F50B00636829 /* Agility-icon.png */; };
		087811891F20F50B00636829 /* Attack-icon.png in Resources */ = {isa = PBXBuildFile; fileRef = 087811721F20F50B00636829 /* Attack-icon.png */; };
		0878118A1F20F50B00636829 /* Construction-icon.png in Resources */ = {isa = PBXBuildFile; fileRef = 087811731F20F50B00636829 /* Construction-icon.png */; };
		0878118B1F20F50B00636829 /* Cooking-icon.png in Resources */ = {isa = PBXBuildFile; fileRef = 087811741F20F50B00636829 /* Cooking-icon.png */; };
		0878118C1F20F50B00636829 /* Crafting-icon.png in Resources */ = {isa = PBXBuildFile; fileRef = 087811751F20F50B00636829 /* Crafting-icon.png */; };
		0878118D1F20F50B00636829 /* Defence-icon.png in Resources */ = {isa = PBXBuildFile; fileRef = 087811761F20F50B00636829 /* Defence-icon.png */; };
		0878118E1F20F50B00636829 /* Farming-icon.png in Resources */ = {isa = PBXBuildFile; fileRef = 087811771F20F50B00636829 /* Farming-icon.png */; };
		0878118F1F20F50B00636829 /* Firemaking-icon.png in Resources */ = {isa = PBXBuildFile; fileRef = 087811781F20F50B00636829 /* Firemaking-icon.png */; };
		087811901F20F50B00636829 /* Fishing-icon.png in Resources */ = {isa = PBXBuildFile; fileRef = 087811791F20F50B00636829 /* Fishing-icon.png */; };
		087811911F20F50B00636829 /* Fletching-icon.png in Resources */ = {isa = PBXBuildFile; fileRef = 0878117A1F20F50B00636829 /* Fletching-icon.png */; };
		087811921F20F50B00636829 /* Herblore-icon.png in Resources */ = {isa = PBXBuildFile; fileRef = 0878117B1F20F50B00636829 /* Herblore-icon.png */; };
		087811931F20F50B00636829 /* Hitpoints-icon.png in Resources */ = {isa = PBXBuildFile; fileRef = 0878117C1F20F50B00636829 /* Hitpoints-icon.png */; };
		087811941F20F50B00636829 /* Hunter-icon.png in Resources */ = {isa = PBXBuildFile; fileRef = 0878117D1F20F50B00636829 /* Hunter-icon.png */; };
		087811951F20F50B00636829 /* Magic-icon.png in Resources */ = {isa = PBXBuildFile; fileRef = 0878117E1F20F50B00636829 /* Magic-icon.png */; };
		087811961F20F50B00636829 /* Mining-icon.png in Resources */ = {isa = PBXBuildFile; fileRef = 0878117F1F20F50B00636829 /* Mining-icon.png */; };
		087811971F20F50B00636829 /* Prayer-icon.png in Resources */ = {isa = PBXBuildFile; fileRef = 087811801F20F50B00636829 /* Prayer-icon.png */; };
		087811981F20F50B00636829 /* Ranged-icon.png in Resources */ = {isa = PBXBuildFile; fileRef = 087811811F20F50B00636829 /* Ranged-icon.png */; };
		087811991F20F50B00636829 /* Runecrafting-icon.png in Resources */ = {isa = PBXBuildFile; fileRef = 087811821F20F50B00636829 /* Runecrafting-icon.png */; };
		0878119A1F20F50B00636829 /* Slayer-icon.png in Resources */ = {isa = PBXBuildFile; fileRef = 087811831F20F50B00636829 /* Slayer-icon.png */; };
		0878119B1F20F50B00636829 /* Smithing-icon.png in Resources */ = {isa = PBXBuildFile; fileRef = 087811841F20F50B00636829 /* Smithing-icon.png */; };
		0878119C1F20F50B00636829 /* Strength-icon.png in Resources */ = {isa = PBXBuildFile; fileRef = 087811851F20F50B00636829 /* Strength-icon.png */; };
		0878119D1F20F50B00636829 /* Thieving-icon.png in Resources */ = {isa = PBXBuildFile; fileRef = 087811861F20F50B00636829 /* Thieving-icon.png */; };
		0878119E1F20F50B00636829 /* Woodcutting-icon.png in Resources */ = {isa = PBXBuildFile; fileRef = 087811871F20F50B00636829 /* Woodcutting-icon.png */; };
		453FFC551F096CBF00CE5CF5 /* AppDelegate.swift in Sources */ = {isa = PBXBuildFile; fileRef = 453FFC541F096CBF00CE5CF5 /* AppDelegate.swift */; };
		453FFC571F096CBF00CE5CF5 /* ViewController.swift in Sources */ = {isa = PBXBuildFile; fileRef = 453FFC561F096CBF00CE5CF5 /* ViewController.swift */; };
		453FFC5A1F096CBF00CE5CF5 /* Main.storyboard in Resources */ = {isa = PBXBuildFile; fileRef = 453FFC581F096CBF00CE5CF5 /* Main.storyboard */; };
		453FFC5C1F096CBF00CE5CF5 /* Assets.xcassets in Resources */ = {isa = PBXBuildFile; fileRef = 453FFC5B1F096CBF00CE5CF5 /* Assets.xcassets */; };
		453FFC5F1F096CBF00CE5CF5 /* LaunchScreen.storyboard in Resources */ = {isa = PBXBuildFile; fileRef = 453FFC5D1F096CBF00CE5CF5 /* LaunchScreen.storyboard */; };
		453FFC6A1F096CBF00CE5CF5 /* OSRS_Helper_ToolUITests.swift in Sources */ = {isa = PBXBuildFile; fileRef = 453FFC691F096CBF00CE5CF5 /* OSRS_Helper_ToolUITests.swift */; };
		453FFC751F099B9E00CE5CF5 /* SkillResourceViewController.swift in Sources */ = {isa = PBXBuildFile; fileRef = 453FFC741F099B9E00CE5CF5 /* SkillResourceViewController.swift */; };
		453FFC771F099E3C00CE5CF5 /* SkillTableViewCell.swift in Sources */ = {isa = PBXBuildFile; fileRef = 453FFC761F099E3C00CE5CF5 /* SkillTableViewCell.swift */; };
		453FFC7C1F09A56600CE5CF5 /* SkillCalculationsViewController.swift in Sources */ = {isa = PBXBuildFile; fileRef = 453FFC7B1F09A56600CE5CF5 /* SkillCalculationsViewController.swift */; };
		453FFC821F09A8FF00CE5CF5 /* CombatCalcViewController.swift in Sources */ = {isa = PBXBuildFile; fileRef = 453FFC811F09A8FF00CE5CF5 /* CombatCalcViewController.swift */; };
		453FFC841F09A98F00CE5CF5 /* SkillMethodTableViewCell.swift in Sources */ = {isa = PBXBuildFile; fileRef = 453FFC831F09A98F00CE5CF5 /* SkillMethodTableViewCell.swift */; };
		453FFC881F0C671B00CE5CF5 /* Constants.swift in Sources */ = {isa = PBXBuildFile; fileRef = 453FFC871F0C671B00CE5CF5 /* Constants.swift */; };
		45431F491F146F9300EA51B1 /* checkmark.png in Resources */ = {isa = PBXBuildFile; fileRef = 45431F481F146F9300EA51B1 /* checkmark.png */; };
		45431F4B1F1472E700EA51B1 /* RankLevelXp.swift in Sources */ = {isa = PBXBuildFile; fileRef = 45431F4A1F1472E700EA51B1 /* RankLevelXp.swift */; };
/* End PBXBuildFile section */

/* Begin PBXContainerItemProxy section */
		453FFC661F096CBF00CE5CF5 /* PBXContainerItemProxy */ = {
			isa = PBXContainerItemProxy;
			containerPortal = 453FFC491F096CBE00CE5CF5 /* Project object */;
			proxyType = 1;
			remoteGlobalIDString = 453FFC501F096CBE00CE5CF5;
			remoteInfo = "OSRS Helper Tool";
		};
/* End PBXContainerItemProxy section */

/* Begin PBXFileReference section */
		087811711F20F50B00636829 /* Agility-icon.png */ = {isa = PBXFileReference; lastKnownFileType = image.png; path = "Agility-icon.png"; sourceTree = "<group>"; };
		087811721F20F50B00636829 /* Attack-icon.png */ = {isa = PBXFileReference; lastKnownFileType = image.png; path = "Attack-icon.png"; sourceTree = "<group>"; };
		087811731F20F50B00636829 /* Construction-icon.png */ = {isa = PBXFileReference; lastKnownFileType = image.png; path = "Construction-icon.png"; sourceTree = "<group>"; };
		087811741F20F50B00636829 /* Cooking-icon.png */ = {isa = PBXFileReference; lastKnownFileType = image.png; path = "Cooking-icon.png"; sourceTree = "<group>"; };
		087811751F20F50B00636829 /* Crafting-icon.png */ = {isa = PBXFileReference; lastKnownFileType = image.png; path = "Crafting-icon.png"; sourceTree = "<group>"; };
		087811761F20F50B00636829 /* Defence-icon.png */ = {isa = PBXFileReference; lastKnownFileType = image.png; path = "Defence-icon.png"; sourceTree = "<group>"; };
		087811771F20F50B00636829 /* Farming-icon.png */ = {isa = PBXFileReference; lastKnownFileType = image.png; path = "Farming-icon.png"; sourceTree = "<group>"; };
		087811781F20F50B00636829 /* Firemaking-icon.png */ = {isa = PBXFileReference; lastKnownFileType = image.png; path = "Firemaking-icon.png"; sourceTree = "<group>"; };
		087811791F20F50B00636829 /* Fishing-icon.png */ = {isa = PBXFileReference; lastKnownFileType = image.png; path = "Fishing-icon.png"; sourceTree = "<group>"; };
		0878117A1F20F50B00636829 /* Fletching-icon.png */ = {isa = PBXFileReference; lastKnownFileType = image.png; path = "Fletching-icon.png"; sourceTree = "<group>"; };
		0878117B1F20F50B00636829 /* Herblore-icon.png */ = {isa = PBXFileReference; lastKnownFileType = image.png; path = "Herblore-icon.png"; sourceTree = "<group>"; };
		0878117C1F20F50B00636829 /* Hitpoints-icon.png */ = {isa = PBXFileReference; lastKnownFileType = image.png; path = "Hitpoints-icon.png"; sourceTree = "<group>"; };
		0878117D1F20F50B00636829 /* Hunter-icon.png */ = {isa = PBXFileReference; lastKnownFileType = image.png; path = "Hunter-icon.png"; sourceTree = "<group>"; };
		0878117E1F20F50B00636829 /* Magic-icon.png */ = {isa = PBXFileReference; lastKnownFileType = image.png; path = "Magic-icon.png"; sourceTree = "<group>"; };
		0878117F1F20F50B00636829 /* Mining-icon.png */ = {isa = PBXFileReference; lastKnownFileType = image.png; path = "Mining-icon.png"; sourceTree = "<group>"; };
		087811801F20F50B00636829 /* Prayer-icon.png */ = {isa = PBXFileReference; lastKnownFileType = image.png; path = "Prayer-icon.png"; sourceTree = "<group>"; };
		087811811F20F50B00636829 /* Ranged-icon.png */ = {isa = PBXFileReference; lastKnownFileType = image.png; path = "Ranged-icon.png"; sourceTree = "<group>"; };
		087811821F20F50B00636829 /* Runecrafting-icon.png */ = {isa = PBXFileReference; lastKnownFileType = image.png; path = "Runecrafting-icon.png"; sourceTree = "<group>"; };
		087811831F20F50B00636829 /* Slayer-icon.png */ = {isa = PBXFileReference; lastKnownFileType = image.png; path = "Slayer-icon.png"; sourceTree = "<group>"; };
		087811841F20F50B00636829 /* Smithing-icon.png */ = {isa = PBXFileReference; lastKnownFileType = image.png; path = "Smithing-icon.png"; sourceTree = "<group>"; };
		087811851F20F50B00636829 /* Strength-icon.png */ = {isa = PBXFileReference; lastKnownFileType = image.png; path = "Strength-icon.png"; sourceTree = "<group>"; };
		087811861F20F50B00636829 /* Thieving-icon.png */ = {isa = PBXFileReference; lastKnownFileType = image.png; path = "Thieving-icon.png"; sourceTree = "<group>"; };
		087811871F20F50B00636829 /* Woodcutting-icon.png */ = {isa = PBXFileReference; lastKnownFileType = image.png; path = "Woodcutting-icon.png"; sourceTree = "<group>"; };
		453FFC511F096CBF00CE5CF5 /* OSRS Helper Tool.app */ = {isa = PBXFileReference; explicitFileType = wrapper.application; includeInIndex = 0; path = "OSRS Helper Tool.app"; sourceTree = BUILT_PRODUCTS_DIR; };
		453FFC541F096CBF00CE5CF5 /* AppDelegate.swift */ = {isa = PBXFileReference; lastKnownFileType = sourcecode.swift; path = AppDelegate.swift; sourceTree = "<group>"; };
		453FFC561F096CBF00CE5CF5 /* ViewController.swift */ = {isa = PBXFileReference; lastKnownFileType = sourcecode.swift; path = ViewController.swift; sourceTree = "<group>"; };
		453FFC591F096CBF00CE5CF5 /* Base */ = {isa = PBXFileReference; lastKnownFileType = file.storyboard; name = Base; path = Base.lproj/Main.storyboard; sourceTree = "<group>"; };
		453FFC5B1F096CBF00CE5CF5 /* Assets.xcassets */ = {isa = PBXFileReference; lastKnownFileType = folder.assetcatalog; path = Assets.xcassets; sourceTree = "<group>"; };
		453FFC5E1F096CBF00CE5CF5 /* Base */ = {isa = PBXFileReference; lastKnownFileType = file.storyboard; name = Base; path = Base.lproj/LaunchScreen.storyboard; sourceTree = "<group>"; };
		453FFC601F096CBF00CE5CF5 /* Info.plist */ = {isa = PBXFileReference; lastKnownFileType = text.plist.xml; path = Info.plist; sourceTree = "<group>"; };
		453FFC651F096CBF00CE5CF5 /* OSRS Helper ToolUITests.xctest */ = {isa = PBXFileReference; explicitFileType = wrapper.cfbundle; includeInIndex = 0; path = "OSRS Helper ToolUITests.xctest"; sourceTree = BUILT_PRODUCTS_DIR; };
		453FFC691F096CBF00CE5CF5 /* OSRS_Helper_ToolUITests.swift */ = {isa = PBXFileReference; lastKnownFileType = sourcecode.swift; path = OSRS_Helper_ToolUITests.swift; sourceTree = "<group>"; };
		453FFC6B1F096CBF00CE5CF5 /* Info.plist */ = {isa = PBXFileReference; lastKnownFileType = text.plist.xml; path = Info.plist; sourceTree = "<group>"; };
		453FFC741F099B9E00CE5CF5 /* SkillResourceViewController.swift */ = {isa = PBXFileReference; fileEncoding = 4; lastKnownFileType = sourcecode.swift; path = SkillResourceViewController.swift; sourceTree = "<group>"; };
		453FFC761F099E3C00CE5CF5 /* SkillTableViewCell.swift */ = {isa = PBXFileReference; fileEncoding = 4; lastKnownFileType = sourcecode.swift; path = SkillTableViewCell.swift; sourceTree = "<group>"; };
		453FFC7B1F09A56600CE5CF5 /* SkillCalculationsViewController.swift */ = {isa = PBXFileReference; fileEncoding = 4; lastKnownFileType = sourcecode.swift; path = SkillCalculationsViewController.swift; sourceTree = "<group>"; };
		453FFC811F09A8FF00CE5CF5 /* CombatCalcViewController.swift */ = {isa = PBXFileReference; fileEncoding = 4; lastKnownFileType = sourcecode.swift; name = CombatCalcViewController.swift; path = ../CombatCalcViewController.swift; sourceTree = "<group>"; };
		453FFC831F09A98F00CE5CF5 /* SkillMethodTableViewCell.swift */ = {isa = PBXFileReference; fileEncoding = 4; lastKnownFileType = sourcecode.swift; name = SkillMethodTableViewCell.swift; path = ../SkillMethodTableViewCell.swift; sourceTree = "<group>"; };
		453FFC871F0C671B00CE5CF5 /* Constants.swift */ = {isa = PBXFileReference; fileEncoding = 4; lastKnownFileType = sourcecode.swift; name = Constants.swift; path = ../Constants.swift; sourceTree = "<group>"; };
		45431F481F146F9300EA51B1 /* checkmark.png */ = {isa = PBXFileReference; lastKnownFileType = image.png; path = checkmark.png; sourceTree = "<group>"; };
		45431F4A1F1472E700EA51B1 /* RankLevelXp.swift */ = {isa = PBXFileReference; fileEncoding = 4; lastKnownFileType = sourcecode.swift; path = RankLevelXp.swift; sourceTree = "<group>"; };
/* End PBXFileReference section */

/* Begin PBXFrameworksBuildPhase section */
		453FFC4E1F096CBE00CE5CF5 /* Frameworks */ = {
			isa = PBXFrameworksBuildPhase;
			buildActionMask = 2147483647;
			files = (
			);
			runOnlyForDeploymentPostprocessing = 0;
		};
		453FFC621F096CBF00CE5CF5 /* Frameworks */ = {
			isa = PBXFrameworksBuildPhase;
			buildActionMask = 2147483647;
			files = (
			);
			runOnlyForDeploymentPostprocessing = 0;
		};
/* End PBXFrameworksBuildPhase section */

/* Begin PBXGroup section */
		453FFC481F096CBE00CE5CF5 = {
			isa = PBXGroup;
			children = (
				453FFC531F096CBF00CE5CF5 /* OSRS Helper Tool */,
				453FFC681F096CBF00CE5CF5 /* OSRS Helper ToolUITests */,
				453FFC521F096CBF00CE5CF5 /* Products */,
			);
			sourceTree = "<group>";
		};
		453FFC521F096CBF00CE5CF5 /* Products */ = {
			isa = PBXGroup;
			children = (
				453FFC511F096CBF00CE5CF5 /* OSRS Helper Tool.app */,
				453FFC651F096CBF00CE5CF5 /* OSRS Helper ToolUITests.xctest */,
			);
			name = Products;
			sourceTree = "<group>";
		};
		453FFC531F096CBF00CE5CF5 /* OSRS Helper Tool */ = {
			isa = PBXGroup;
			children = (
				453FFC781F09A19C00CE5CF5 /* Images */,
				453FFC7D1F09A57100CE5CF5 /* ViewControllers */,
				453FFC7E1F09A57800CE5CF5 /* TableCells */,
				453FFC581F096CBF00CE5CF5 /* Main.storyboard */,
				453FFC871F0C671B00CE5CF5 /* Constants.swift */,
				45431F4A1F1472E700EA51B1 /* RankLevelXp.swift */,
				453FFC541F096CBF00CE5CF5 /* AppDelegate.swift */,
				453FFC5B1F096CBF00CE5CF5 /* Assets.xcassets */,
				453FFC5D1F096CBF00CE5CF5 /* LaunchScreen.storyboard */,
				453FFC601F096CBF00CE5CF5 /* Info.plist */,
			);
			path = "OSRS Helper Tool";
			sourceTree = "<group>";
		};
		453FFC681F096CBF00CE5CF5 /* OSRS Helper ToolUITests */ = {
			isa = PBXGroup;
			children = (
				453FFC691F096CBF00CE5CF5 /* OSRS_Helper_ToolUITests.swift */,
				453FFC6B1F096CBF00CE5CF5 /* Info.plist */,
			);
			path = "OSRS Helper ToolUITests";
			sourceTree = "<group>";
		};
		453FFC781F09A19C00CE5CF5 /* Images */ = {
			isa = PBXGroup;
			children = (
				45431F481F146F9300EA51B1 /* checkmark.png */,
				087811711F20F50B00636829 /* Agility-icon.png */,
				087811721F20F50B00636829 /* Attack-icon.png */,
				087811731F20F50B00636829 /* Construction-icon.png */,
				087811741F20F50B00636829 /* Cooking-icon.png */,
				087811751F20F50B00636829 /* Crafting-icon.png */,
				087811761F20F50B00636829 /* Defence-icon.png */,
				087811771F20F50B00636829 /* Farming-icon.png */,
				087811781F20F50B00636829 /* Firemaking-icon.png */,
				087811791F20F50B00636829 /* Fishing-icon.png */,
				0878117A1F20F50B00636829 /* Fletching-icon.png */,
				0878117B1F20F50B00636829 /* Herblore-icon.png */,
				0878117C1F20F50B00636829 /* Hitpoints-icon.png */,
				0878117D1F20F50B00636829 /* Hunter-icon.png */,
				0878117E1F20F50B00636829 /* Magic-icon.png */,
				0878117F1F20F50B00636829 /* Mining-icon.png */,
				087811801F20F50B00636829 /* Prayer-icon.png */,
				087811811F20F50B00636829 /* Ranged-icon.png */,
				087811821F20F50B00636829 /* Runecrafting-icon.png */,
				087811831F20F50B00636829 /* Slayer-icon.png */,
				087811841F20F50B00636829 /* Smithing-icon.png */,
				087811851F20F50B00636829 /* Strength-icon.png */,
				087811861F20F50B00636829 /* Thieving-icon.png */,
				087811871F20F50B00636829 /* Woodcutting-icon.png */,
			);
			name = Images;
			sourceTree = "<group>";
		};
		453FFC7D1F09A57100CE5CF5 /* ViewControllers */ = {
			isa = PBXGroup;
			children = (
				453FFC811F09A8FF00CE5CF5 /* CombatCalcViewController.swift */,
				453FFC561F096CBF00CE5CF5 /* ViewController.swift */,
				453FFC741F099B9E00CE5CF5 /* SkillResourceViewController.swift */,
				453FFC7B1F09A56600CE5CF5 /* SkillCalculationsViewController.swift */,
			);
			name = ViewControllers;
			sourceTree = "<group>";
		};
		453FFC7E1F09A57800CE5CF5 /* TableCells */ = {
			isa = PBXGroup;
			children = (
				453FFC761F099E3C00CE5CF5 /* SkillTableViewCell.swift */,
				453FFC831F09A98F00CE5CF5 /* SkillMethodTableViewCell.swift */,
			);
			name = TableCells;
			sourceTree = "<group>";
		};
/* End PBXGroup section */

/* Begin PBXNativeTarget section */
		453FFC501F096CBE00CE5CF5 /* OSRS Helper Tool */ = {
			isa = PBXNativeTarget;
			buildConfigurationList = 453FFC6E1F096CBF00CE5CF5 /* Build configuration list for PBXNativeTarget "OSRS Helper Tool" */;
			buildPhases = (
				453FFC4D1F096CBE00CE5CF5 /* Sources */,
				453FFC4E1F096CBE00CE5CF5 /* Frameworks */,
				453FFC4F1F096CBE00CE5CF5 /* Resources */,
			);
			buildRules = (
			);
			dependencies = (
			);
			name = "OSRS Helper Tool";
			productName = "OSRS Helper Tool";
			productReference = 453FFC511F096CBF00CE5CF5 /* OSRS Helper Tool.app */;
			productType = "com.apple.product-type.application";
		};
		453FFC641F096CBF00CE5CF5 /* OSRS Helper ToolUITests */ = {
			isa = PBXNativeTarget;
			buildConfigurationList = 453FFC711F096CBF00CE5CF5 /* Build configuration list for PBXNativeTarget "OSRS Helper ToolUITests" */;
			buildPhases = (
				453FFC611F096CBF00CE5CF5 /* Sources */,
				453FFC621F096CBF00CE5CF5 /* Frameworks */,
				453FFC631F096CBF00CE5CF5 /* Resources */,
			);
			buildRules = (
			);
			dependencies = (
				453FFC671F096CBF00CE5CF5 /* PBXTargetDependency */,
			);
			name = "OSRS Helper ToolUITests";
			productName = "OSRS Helper ToolUITests";
			productReference = 453FFC651F096CBF00CE5CF5 /* OSRS Helper ToolUITests.xctest */;
			productType = "com.apple.product-type.bundle.ui-testing";
		};
/* End PBXNativeTarget section */

/* Begin PBXProject section */
		453FFC491F096CBE00CE5CF5 /* Project object */ = {
			isa = PBXProject;
			attributes = {
				LastSwiftUpdateCheck = 0800;
				LastUpgradeCheck = 0800;
				ORGANIZATIONNAME = Personal;
				TargetAttributes = {
					453FFC501F096CBE00CE5CF5 = {
						CreatedOnToolsVersion = 8.0;
						DevelopmentTeam = 8B2BT32S4H;
						ProvisioningStyle = Automatic;
					};
					453FFC641F096CBF00CE5CF5 = {
						CreatedOnToolsVersion = 8.0;
						DevelopmentTeam = 8B2BT32S4H;
						ProvisioningStyle = Automatic;
						TestTargetID = 453FFC501F096CBE00CE5CF5;
					};
				};
			};
			buildConfigurationList = 453FFC4C1F096CBE00CE5CF5 /* Build configuration list for PBXProject "OSRS Helper Tool" */;
			compatibilityVersion = "Xcode 3.2";
			developmentRegion = English;
			hasScannedForEncodings = 0;
			knownRegions = (
				en,
				Base,
			);
			mainGroup = 453FFC481F096CBE00CE5CF5;
			productRefGroup = 453FFC521F096CBF00CE5CF5 /* Products */;
			projectDirPath = "";
			projectRoot = "";
			targets = (
				453FFC501F096CBE00CE5CF5 /* OSRS Helper Tool */,
				453FFC641F096CBF00CE5CF5 /* OSRS Helper ToolUITests */,
			);
		};
/* End PBXProject section */

/* Begin PBXResourcesBuildPhase section */
		453FFC4F1F096CBE00CE5CF5 /* Resources */ = {
			isa = PBXResourcesBuildPhase;
			buildActionMask = 2147483647;
			files = (
				0878118A1F20F50B00636829 /* Construction-icon.png in Resources */,
				0878119A1F20F50B00636829 /* Slayer-icon.png in Resources */,
				0878119C1F20F50B00636829 /* Strength-icon.png in Resources */,
				453FFC5F1F096CBF00CE5CF5 /* LaunchScreen.storyboard in Resources */,
				45431F491F146F9300EA51B1 /* checkmark.png in Resources */,
				0878118D1F20F50B00636829 /* Defence-icon.png in Resources */,
				0878119B1F20F50B00636829 /* Smithing-icon.png in Resources */,
				0878118B1F20F50B00636829 /* Cooking-icon.png in Resources */,
				0878118F1F20F50B00636829 /* Firemaking-icon.png in Resources */,
				0878118C1F20F50B00636829 /* Crafting-icon.png in Resources */,
				087811891F20F50B00636829 /* Attack-icon.png in Resources */,
				087811981F20F50B00636829 /* Ranged-icon.png in Resources */,
				087811921F20F50B00636829 /* Herblore-icon.png in Resources */,
				087811991F20F50B00636829 /* Runecrafting-icon.png in Resources */,
				0878118E1F20F50B00636829 /* Farming-icon.png in Resources */,
				453FFC5C1F096CBF00CE5CF5 /* Assets.xcassets in Resources */,
				087811881F20F50B00636829 /* Agility-icon.png in Resources */,
				087811961F20F50B00636829 /* Mining-icon.png in Resources */,
				087811911F20F50B00636829 /* Fletching-icon.png in Resources */,
				087811931F20F50B00636829 /* Hitpoints-icon.png in Resources */,
				087811971F20F50B00636829 /* Prayer-icon.png in Resources */,
				087811951F20F50B00636829 /* Magic-icon.png in Resources */,
				0878119E1F20F50B00636829 /* Woodcutting-icon.png in Resources */,
				0878119D1F20F50B00636829 /* Thieving-icon.png in Resources */,
				453FFC5A1F096CBF00CE5CF5 /* Main.storyboard in Resources */,
				087811901F20F50B00636829 /* Fishing-icon.png in Resources */,
				087811941F20F50B00636829 /* Hunter-icon.png in Resources */,
			);
			runOnlyForDeploymentPostprocessing = 0;
		};
		453FFC631F096CBF00CE5CF5 /* Resources */ = {
			isa = PBXResourcesBuildPhase;
			buildActionMask = 2147483647;
			files = (
			);
			runOnlyForDeploymentPostprocessing = 0;
		};
/* End PBXResourcesBuildPhase section */

/* Begin PBXSourcesBuildPhase section */
		453FFC4D1F096CBE00CE5CF5 /* Sources */ = {
			isa = PBXSourcesBuildPhase;
			buildActionMask = 2147483647;
			files = (
				453FFC7C1F09A56600CE5CF5 /* SkillCalculationsViewController.swift in Sources */,
				453FFC821F09A8FF00CE5CF5 /* CombatCalcViewController.swift in Sources */,
				45431F4B1F1472E700EA51B1 /* RankLevelXp.swift in Sources */,
				453FFC751F099B9E00CE5CF5 /* SkillResourceViewController.swift in Sources */,
				453FFC771F099E3C00CE5CF5 /* SkillTableViewCell.swift in Sources */,
				453FFC571F096CBF00CE5CF5 /* ViewController.swift in Sources */,
				453FFC551F096CBF00CE5CF5 /* AppDelegate.swift in Sources */,
				453FFC841F09A98F00CE5CF5 /* SkillMethodTableViewCell.swift in Sources */,
				453FFC881F0C671B00CE5CF5 /* Constants.swift in Sources */,
			);
			runOnlyForDeploymentPostprocessing = 0;
		};
		453FFC611F096CBF00CE5CF5 /* Sources */ = {
			isa = PBXSourcesBuildPhase;
			buildActionMask = 2147483647;
			files = (
				453FFC6A1F096CBF00CE5CF5 /* OSRS_Helper_ToolUITests.swift in Sources */,
			);
			runOnlyForDeploymentPostprocessing = 0;
		};
/* End PBXSourcesBuildPhase section */

/* Begin PBXTargetDependency section */
		453FFC671F096CBF00CE5CF5 /* PBXTargetDependency */ = {
			isa = PBXTargetDependency;
			target = 453FFC501F096CBE00CE5CF5 /* OSRS Helper Tool */;
			targetProxy = 453FFC661F096CBF00CE5CF5 /* PBXContainerItemProxy */;
		};
/* End PBXTargetDependency section */

/* Begin PBXVariantGroup section */
		453FFC581F096CBF00CE5CF5 /* Main.storyboard */ = {
			isa = PBXVariantGroup;
			children = (
				453FFC591F096CBF00CE5CF5 /* Base */,
			);
			name = Main.storyboard;
			sourceTree = "<group>";
		};
		453FFC5D1F096CBF00CE5CF5 /* LaunchScreen.storyboard */ = {
			isa = PBXVariantGroup;
			children = (
				453FFC5E1F096CBF00CE5CF5 /* Base */,
			);
			name = LaunchScreen.storyboard;
			sourceTree = "<group>";
		};
/* End PBXVariantGroup section */

/* Begin XCBuildConfiguration section */
		453FFC6C1F096CBF00CE5CF5 /* Debug */ = {
			isa = XCBuildConfiguration;
			buildSettings = {
				ALWAYS_SEARCH_USER_PATHS = NO;
				CLANG_ANALYZER_NONNULL = YES;
				CLANG_CXX_LANGUAGE_STANDARD = "gnu++0x";
				CLANG_CXX_LIBRARY = "libc++";
				CLANG_ENABLE_MODULES = YES;
				CLANG_ENABLE_OBJC_ARC = YES;
				CLANG_WARN_BOOL_CONVERSION = YES;
				CLANG_WARN_CONSTANT_CONVERSION = YES;
				CLANG_WARN_DIRECT_OBJC_ISA_USAGE = YES_ERROR;
				CLANG_WARN_DOCUMENTATION_COMMENTS = YES;
				CLANG_WARN_EMPTY_BODY = YES;
				CLANG_WARN_ENUM_CONVERSION = YES;
				CLANG_WARN_INFINITE_RECURSION = YES;
				CLANG_WARN_INT_CONVERSION = YES;
				CLANG_WARN_OBJC_ROOT_CLASS = YES_ERROR;
				CLANG_WARN_SUSPICIOUS_MOVES = YES;
				CLANG_WARN_UNREACHABLE_CODE = YES;
				CLANG_WARN__DUPLICATE_METHOD_MATCH = YES;
				"CODE_SIGN_IDENTITY[sdk=iphoneos*]" = "iPhone Developer";
				COPY_PHASE_STRIP = NO;
				DEBUG_INFORMATION_FORMAT = dwarf;
				ENABLE_STRICT_OBJC_MSGSEND = YES;
				ENABLE_TESTABILITY = YES;
				GCC_C_LANGUAGE_STANDARD = gnu99;
				GCC_DYNAMIC_NO_PIC = NO;
				GCC_NO_COMMON_BLOCKS = YES;
				GCC_OPTIMIZATION_LEVEL = 0;
				GCC_PREPROCESSOR_DEFINITIONS = (
					"DEBUG=1",
					"$(inherited)",
				);
				GCC_WARN_64_TO_32_BIT_CONVERSION = YES;
				GCC_WARN_ABOUT_RETURN_TYPE = YES_ERROR;
				GCC_WARN_UNDECLARED_SELECTOR = YES;
				GCC_WARN_UNINITIALIZED_AUTOS = YES_AGGRESSIVE;
				GCC_WARN_UNUSED_FUNCTION = YES;
				GCC_WARN_UNUSED_VARIABLE = YES;
				IPHONEOS_DEPLOYMENT_TARGET = 10.0;
				MTL_ENABLE_DEBUG_INFO = YES;
				ONLY_ACTIVE_ARCH = YES;
				SDKROOT = iphoneos;
				SWIFT_ACTIVE_COMPILATION_CONDITIONS = DEBUG;
				SWIFT_OPTIMIZATION_LEVEL = "-Onone";
			};
			name = Debug;
		};
		453FFC6D1F096CBF00CE5CF5 /* Release */ = {
			isa = XCBuildConfiguration;
			buildSettings = {
				ALWAYS_SEARCH_USER_PATHS = NO;
				CLANG_ANALYZER_NONNULL = YES;
				CLANG_CXX_LANGUAGE_STANDARD = "gnu++0x";
				CLANG_CXX_LIBRARY = "libc++";
				CLANG_ENABLE_MODULES = YES;
				CLANG_ENABLE_OBJC_ARC = YES;
				CLANG_WARN_BOOL_CONVERSION = YES;
				CLANG_WARN_CONSTANT_CONVERSION = YES;
				CLANG_WARN_DIRECT_OBJC_ISA_USAGE = YES_ERROR;
				CLANG_WARN_DOCUMENTATION_COMMENTS = YES;
				CLANG_WARN_EMPTY_BODY = YES;
				CLANG_WARN_ENUM_CONVERSION = YES;
				CLANG_WARN_INFINITE_RECURSION = YES;
				CLANG_WARN_INT_CONVERSION = YES;
				CLANG_WARN_OBJC_ROOT_CLASS = YES_ERROR;
				CLANG_WARN_SUSPICIOUS_MOVES = YES;
				CLANG_WARN_UNREACHABLE_CODE = YES;
				CLANG_WARN__DUPLICATE_METHOD_MATCH = YES;
				"CODE_SIGN_IDENTITY[sdk=iphoneos*]" = "iPhone Developer";
				COPY_PHASE_STRIP = NO;
				DEBUG_INFORMATION_FORMAT = "dwarf-with-dsym";
				ENABLE_NS_ASSERTIONS = NO;
				ENABLE_STRICT_OBJC_MSGSEND = YES;
				GCC_C_LANGUAGE_STANDARD = gnu99;
				GCC_NO_COMMON_BLOCKS = YES;
				GCC_WARN_64_TO_32_BIT_CONVERSION = YES;
				GCC_WARN_ABOUT_RETURN_TYPE = YES_ERROR;
				GCC_WARN_UNDECLARED_SELECTOR = YES;
				GCC_WARN_UNINITIALIZED_AUTOS = YES_AGGRESSIVE;
				GCC_WARN_UNUSED_FUNCTION = YES;
				GCC_WARN_UNUSED_VARIABLE = YES;
				IPHONEOS_DEPLOYMENT_TARGET = 10.0;
				MTL_ENABLE_DEBUG_INFO = NO;
				SDKROOT = iphoneos;
				SWIFT_OPTIMIZATION_LEVEL = "-Owholemodule";
				VALIDATE_PRODUCT = YES;
			};
			name = Release;
		};
		453FFC6F1F096CBF00CE5CF5 /* Debug */ = {
			isa = XCBuildConfiguration;
			buildSettings = {
				ASSETCATALOG_COMPILER_APPICON_NAME = AppIcon;
				DEVELOPMENT_TEAM = 8B2BT32S4H;
				INFOPLIST_FILE = "OSRS Helper Tool/Info.plist";
				IPHONEOS_DEPLOYMENT_TARGET = 10.0;
				LD_RUNPATH_SEARCH_PATHS = "$(inherited) @executable_path/Frameworks";
				PRODUCT_BUNDLE_IDENTIFIER = "johningwersen.OSRS-Helper-Tool";
				PRODUCT_NAME = "$(TARGET_NAME)";
				SWIFT_VERSION = 3.0;
			};
			name = Debug;
		};
		453FFC701F096CBF00CE5CF5 /* Release */ = {
			isa = XCBuildConfiguration;
			buildSettings = {
				ASSETCATALOG_COMPILER_APPICON_NAME = AppIcon;
				DEVELOPMENT_TEAM = 8B2BT32S4H;
				INFOPLIST_FILE = "OSRS Helper Tool/Info.plist";
				IPHONEOS_DEPLOYMENT_TARGET = 10.0;
				LD_RUNPATH_SEARCH_PATHS = "$(inherited) @executable_path/Frameworks";
				PRODUCT_BUNDLE_IDENTIFIER = "johningwersen.OSRS-Helper-Tool";
				PRODUCT_NAME = "$(TARGET_NAME)";
				SWIFT_VERSION = 3.0;
			};
			name = Release;
		};
		453FFC721F096CBF00CE5CF5 /* Debug */ = {
			isa = XCBuildConfiguration;
			buildSettings = {
				ALWAYS_EMBED_SWIFT_STANDARD_LIBRARIES = YES;
				DEVELOPMENT_TEAM = 8B2BT32S4H;
				INFOPLIST_FILE = "OSRS Helper ToolUITests/Info.plist";
				LD_RUNPATH_SEARCH_PATHS = "$(inherited) @executable_path/Frameworks @loader_path/Frameworks";
				PRODUCT_BUNDLE_IDENTIFIER = "johningwersen.OSRS-Helper-ToolUITests";
				PRODUCT_NAME = "$(TARGET_NAME)";
				SWIFT_VERSION = 3.0;
				TEST_TARGET_NAME = "OSRS Helper Tool";
			};
			name = Debug;
		};
		453FFC731F096CBF00CE5CF5 /* Release */ = {
			isa = XCBuildConfiguration;
			buildSettings = {
				ALWAYS_EMBED_SWIFT_STANDARD_LIBRARIES = YES;
				DEVELOPMENT_TEAM = 8B2BT32S4H;
				INFOPLIST_FILE = "OSRS Helper ToolUITests/Info.plist";
				LD_RUNPATH_SEARCH_PATHS = "$(inherited) @executable_path/Frameworks @loader_path/Frameworks";
				PRODUCT_BUNDLE_IDENTIFIER = "johningwersen.OSRS-Helper-ToolUITests";
				PRODUCT_NAME = "$(TARGET_NAME)";
				SWIFT_VERSION = 3.0;
				TEST_TARGET_NAME = "OSRS Helper Tool";
			};
			name = Release;
		};
/* End XCBuildConfiguration section */

/* Begin XCConfigurationList section */
		453FFC4C1F096CBE00CE5CF5 /* Build configuration list for PBXProject "OSRS Helper Tool" */ = {
			isa = XCConfigurationList;
			buildConfigurations = (
				453FFC6C1F096CBF00CE5CF5 /* Debug */,
				453FFC6D1F096CBF00CE5CF5 /* Release */,
			);
			defaultConfigurationIsVisible = 0;
			defaultConfigurationName = Release;
		};
		453FFC6E1F096CBF00CE5CF5 /* Build configuration list for PBXNativeTarget "OSRS Helper Tool" */ = {
			isa = XCConfigurationList;
			buildConfigurations = (
				453FFC6F1F096CBF00CE5CF5 /* Debug */,
				453FFC701F096CBF00CE5CF5 /* Release */,
			);
			defaultConfigurationIsVisible = 0;
			defaultConfigurationName = Release;
		};
		453FFC711F096CBF00CE5CF5 /* Build configuration list for PBXNativeTarget "OSRS Helper ToolUITests" */ = {
			isa = XCConfigurationList;
			buildConfigurations = (
				453FFC721F096CBF00CE5CF5 /* Debug */,
				453FFC731F096CBF00CE5CF5 /* Release */,
			);
			defaultConfigurationIsVisible = 0;
			defaultConfigurationName = Release;
		};
/* End XCConfigurationList section */
	};
	rootObject = 453FFC491F096CBE00CE5CF5 /* Project object */;
}
